
Microsoft Visual Studio Solution File, Format Version 12.00
# Visual Studio Version 16
VisualStudioVersion = 16.0.31112.23
MinimumVisualStudioVersion = 10.0.40219.1
Project("{9A19103F-16F7-4668-BE54-9A1E7A4F7556}") = "Resonance", "Resonance\Resonance.csproj", "{67F02CFB-010F-47F2-8752-2D615CEF135F}"
EndProject
Project("{FAE04EC0-301F-11D3-BF4B-00C04F79EFBC}") = "Resonance.Tests", "Resonance.Tests\Resonance.Tests.csproj", "{CE621B6E-6929-4420-AA4E-779886836045}"
EndProject
Project("{9A19103F-16F7-4668-BE54-9A1E7A4F7556}") = "Resonance.USB", "Resonance.USB\Resonance.USB.csproj", "{737D3507-E83D-4620-8B99-7325749AE85D}"
EndProject
Project("{FAE04EC0-301F-11D3-BF4B-00C04F79EFBC}") = "Resonance.Benchmarks", "Resonance.Benchmarks\Resonance.Benchmarks.csproj", "{CBBC449B-6DE9-44EE-87A5-346D6822C1CD}"
EndProject
Project("{9A19103F-16F7-4668-BE54-9A1E7A4F7556}") = "Resonance.Protobuf", "Resonance.Protobuf\Resonance.Protobuf.csproj", "{3CA3BBB8-99F7-43C5-A292-844FE2C8D627}"
EndProject
Project("{9A19103F-16F7-4668-BE54-9A1E7A4F7556}") = "Resonance.Messages", "Resonance.Messages\Resonance.Messages.csproj", "{09262234-5E6B-4769-97A4-4101090D6B20}"
EndProject
Project("{9A19103F-16F7-4668-BE54-9A1E7A4F7556}") = "Resonance.SignalR", "Resonance.SignalR\Resonance.SignalR.csproj", "{57FF56E2-CAF0-4C70-8539-19747BC3C893}"
EndProject
Project("{9A19103F-16F7-4668-BE54-9A1E7A4F7556}") = "Resonance.Tests.SignalRCore.WebAPI", "Resonance.Tests.SignalRCore.WebAPI\Resonance.Tests.SignalRCore.WebAPI.csproj", "{51605A04-4DD9-453B-87D8-49F63EB382B1}"
EndProject
Project("{FAE04EC0-301F-11D3-BF4B-00C04F79EFBC}") = "Resonance.NugetDependencyCleaner", "Resonance.NugetDependencyCleaner\Resonance.NugetDependencyCleaner.csproj", "{6C5D65F7-84EF-48A9-93B4-8D6908030C61}"
EndProject
Project("{9A19103F-16F7-4668-BE54-9A1E7A4F7556}") = "Resonance.WebRTC", "Resonance.WebRTC\Resonance.WebRTC.csproj", "{3D016BC8-A82D-4F72-97A3-66728CFC29A0}"
EndProject
Project("{2150E333-8FDC-42A3-9474-1A3956D46DE8}") = "Libs", "Libs", "{E83CA78A-76E5-4DAA-9FE6-39FE93A7A1C9}"
EndProject
Project("{2150E333-8FDC-42A3-9474-1A3956D46DE8}") = "Tests", "Tests", "{A23B3B1A-8CEB-43A9-8CC2-E5C60C94F9A4}"
EndProject
Project("{2150E333-8FDC-42A3-9474-1A3956D46DE8}") = "Utils", "Utils", "{5C102AD0-4697-47B1-8188-24FA8660E321}"
EndProject
Project("{9A19103F-16F7-4668-BE54-9A1E7A4F7556}") = "Resonance.MessagePack", "Resonance.MessagePack\Resonance.MessagePack.csproj", "{CEAEEC5F-F712-4D84-81B9-89BB52888988}"
EndProject
Project("{2150E333-8FDC-42A3-9474-1A3956D46DE8}") = "Common", "Common", "{5F894B31-3946-4C16-8283-CA69D6649B93}"
EndProject
Project("{2150E333-8FDC-42A3-9474-1A3956D46DE8}") = "Benchmarks", "Benchmarks", "{174FB0AD-97CC-4DEA-A826-47B171B63985}"
EndProject
Project("{2150E333-8FDC-42A3-9474-1A3956D46DE8}") = "Examples", "Examples", "{85155BCA-4E8B-4697-932E-B6B6EC41F2FA}"
EndProject
Project("{2150E333-8FDC-42A3-9474-1A3956D46DE8}") = "TCP", "TCP", "{AF8F1FEE-A931-45FD-874D-F16724178E7B}"
EndProject
Project("{2150E333-8FDC-42A3-9474-1A3956D46DE8}") = "Common", "Common", "{913C958F-352E-49F0-AAB2-F1C47777C156}"
EndProject
Project("{FAE04EC0-301F-11D3-BF4B-00C04F79EFBC}") = "Resonance.Examples.Common", "Examples\Common\Resonance.Examples.Common\Resonance.Examples.Common.csproj", "{F98440D4-D8FC-44C1-BEB6-F5D0DCBB68C5}"
EndProject
Project("{FAE04EC0-301F-11D3-BF4B-00C04F79EFBC}") = "Resonance.Examples.TCP.Server", "Examples\TCP\Resonance.Examples.TCP.Server\Resonance.Examples.TCP.Server.csproj", "{14F2742B-65E0-4DCA-B06A-B2E750E14574}"
EndProject
Project("{FAE04EC0-301F-11D3-BF4B-00C04F79EFBC}") = "Resonance.Examples.TCP.Client", "Examples\TCP\Resonance.Examples.TCP.Client\Resonance.Examples.TCP.Client.csproj", "{326A2B29-3FC5-4AD7-95E3-A32E9EF9C6C8}"
EndProject
Global
	GlobalSection(SolutionConfigurationPlatforms) = preSolution
		AzureBuild|Any CPU = AzureBuild|Any CPU
		Debug|Any CPU = Debug|Any CPU
		Release|Any CPU = Release|Any CPU
	EndGlobalSection
	GlobalSection(ProjectConfigurationPlatforms) = postSolution
		{67F02CFB-010F-47F2-8752-2D615CEF135F}.AzureBuild|Any CPU.ActiveCfg = AzureBuild|Any CPU
		{67F02CFB-010F-47F2-8752-2D615CEF135F}.AzureBuild|Any CPU.Build.0 = AzureBuild|Any CPU
		{67F02CFB-010F-47F2-8752-2D615CEF135F}.Debug|Any CPU.ActiveCfg = Debug|Any CPU
		{67F02CFB-010F-47F2-8752-2D615CEF135F}.Debug|Any CPU.Build.0 = Debug|Any CPU
		{67F02CFB-010F-47F2-8752-2D615CEF135F}.Release|Any CPU.ActiveCfg = Release|Any CPU
		{67F02CFB-010F-47F2-8752-2D615CEF135F}.Release|Any CPU.Build.0 = Release|Any CPU
		{CE621B6E-6929-4420-AA4E-779886836045}.AzureBuild|Any CPU.ActiveCfg = AzureBuild|Any CPU
		{CE621B6E-6929-4420-AA4E-779886836045}.AzureBuild|Any CPU.Build.0 = AzureBuild|Any CPU
		{CE621B6E-6929-4420-AA4E-779886836045}.Debug|Any CPU.ActiveCfg = Debug|Any CPU
		{CE621B6E-6929-4420-AA4E-779886836045}.Debug|Any CPU.Build.0 = Debug|Any CPU
		{CE621B6E-6929-4420-AA4E-779886836045}.Release|Any CPU.ActiveCfg = Release|Any CPU
		{CE621B6E-6929-4420-AA4E-779886836045}.Release|Any CPU.Build.0 = Release|Any CPU
		{737D3507-E83D-4620-8B99-7325749AE85D}.AzureBuild|Any CPU.ActiveCfg = AzureBuild|Any CPU
		{737D3507-E83D-4620-8B99-7325749AE85D}.AzureBuild|Any CPU.Build.0 = AzureBuild|Any CPU
		{737D3507-E83D-4620-8B99-7325749AE85D}.Debug|Any CPU.ActiveCfg = Debug|Any CPU
		{737D3507-E83D-4620-8B99-7325749AE85D}.Debug|Any CPU.Build.0 = Debug|Any CPU
		{737D3507-E83D-4620-8B99-7325749AE85D}.Release|Any CPU.ActiveCfg = Release|Any CPU
		{737D3507-E83D-4620-8B99-7325749AE85D}.Release|Any CPU.Build.0 = Release|Any CPU
		{CBBC449B-6DE9-44EE-87A5-346D6822C1CD}.AzureBuild|Any CPU.ActiveCfg = Debug|Any CPU
		{CBBC449B-6DE9-44EE-87A5-346D6822C1CD}.Debug|Any CPU.ActiveCfg = Debug|Any CPU
		{CBBC449B-6DE9-44EE-87A5-346D6822C1CD}.Debug|Any CPU.Build.0 = Debug|Any CPU
		{CBBC449B-6DE9-44EE-87A5-346D6822C1CD}.Release|Any CPU.ActiveCfg = Release|Any CPU
		{CBBC449B-6DE9-44EE-87A5-346D6822C1CD}.Release|Any CPU.Build.0 = Release|Any CPU
		{3CA3BBB8-99F7-43C5-A292-844FE2C8D627}.AzureBuild|Any CPU.ActiveCfg = AzureBuild|Any CPU
		{3CA3BBB8-99F7-43C5-A292-844FE2C8D627}.AzureBuild|Any CPU.Build.0 = AzureBuild|Any CPU
		{3CA3BBB8-99F7-43C5-A292-844FE2C8D627}.Debug|Any CPU.ActiveCfg = Debug|Any CPU
		{3CA3BBB8-99F7-43C5-A292-844FE2C8D627}.Debug|Any CPU.Build.0 = Debug|Any CPU
		{3CA3BBB8-99F7-43C5-A292-844FE2C8D627}.Release|Any CPU.ActiveCfg = Release|Any CPU
		{3CA3BBB8-99F7-43C5-A292-844FE2C8D627}.Release|Any CPU.Build.0 = Release|Any CPU
		{09262234-5E6B-4769-97A4-4101090D6B20}.AzureBuild|Any CPU.ActiveCfg = Debug|Any CPU
		{09262234-5E6B-4769-97A4-4101090D6B20}.AzureBuild|Any CPU.Build.0 = Debug|Any CPU
		{09262234-5E6B-4769-97A4-4101090D6B20}.Debug|Any CPU.ActiveCfg = Debug|Any CPU
		{09262234-5E6B-4769-97A4-4101090D6B20}.Debug|Any CPU.Build.0 = Debug|Any CPU
		{09262234-5E6B-4769-97A4-4101090D6B20}.Release|Any CPU.ActiveCfg = Release|Any CPU
		{09262234-5E6B-4769-97A4-4101090D6B20}.Release|Any CPU.Build.0 = Release|Any CPU
		{57FF56E2-CAF0-4C70-8539-19747BC3C893}.AzureBuild|Any CPU.ActiveCfg = AzureBuild|Any CPU
		{57FF56E2-CAF0-4C70-8539-19747BC3C893}.AzureBuild|Any CPU.Build.0 = AzureBuild|Any CPU
		{57FF56E2-CAF0-4C70-8539-19747BC3C893}.Debug|Any CPU.ActiveCfg = Debug|Any CPU
		{57FF56E2-CAF0-4C70-8539-19747BC3C893}.Debug|Any CPU.Build.0 = Debug|Any CPU
		{57FF56E2-CAF0-4C70-8539-19747BC3C893}.Release|Any CPU.ActiveCfg = Release|Any CPU
		{57FF56E2-CAF0-4C70-8539-19747BC3C893}.Release|Any CPU.Build.0 = Release|Any CPU
		{51605A04-4DD9-453B-87D8-49F63EB382B1}.AzureBuild|Any CPU.ActiveCfg = Debug|Any CPU
		{51605A04-4DD9-453B-87D8-49F63EB382B1}.Debug|Any CPU.ActiveCfg = Debug|Any CPU
		{51605A04-4DD9-453B-87D8-49F63EB382B1}.Debug|Any CPU.Build.0 = Debug|Any CPU
		{51605A04-4DD9-453B-87D8-49F63EB382B1}.Release|Any CPU.ActiveCfg = Release|Any CPU
		{51605A04-4DD9-453B-87D8-49F63EB382B1}.Release|Any CPU.Build.0 = Release|Any CPU
		{6C5D65F7-84EF-48A9-93B4-8D6908030C61}.AzureBuild|Any CPU.ActiveCfg = AzureBuild|Any CPU
		{6C5D65F7-84EF-48A9-93B4-8D6908030C61}.AzureBuild|Any CPU.Build.0 = AzureBuild|Any CPU
		{6C5D65F7-84EF-48A9-93B4-8D6908030C61}.Debug|Any CPU.ActiveCfg = Debug|Any CPU
		{6C5D65F7-84EF-48A9-93B4-8D6908030C61}.Debug|Any CPU.Build.0 = Debug|Any CPU
		{6C5D65F7-84EF-48A9-93B4-8D6908030C61}.Release|Any CPU.ActiveCfg = Release|Any CPU
		{6C5D65F7-84EF-48A9-93B4-8D6908030C61}.Release|Any CPU.Build.0 = Release|Any CPU
		{3D016BC8-A82D-4F72-97A3-66728CFC29A0}.AzureBuild|Any CPU.ActiveCfg = AzureBuild|Any CPU
		{3D016BC8-A82D-4F72-97A3-66728CFC29A0}.AzureBuild|Any CPU.Build.0 = AzureBuild|Any CPU
		{3D016BC8-A82D-4F72-97A3-66728CFC29A0}.Debug|Any CPU.ActiveCfg = Debug|Any CPU
		{3D016BC8-A82D-4F72-97A3-66728CFC29A0}.Debug|Any CPU.Build.0 = Debug|Any CPU
		{3D016BC8-A82D-4F72-97A3-66728CFC29A0}.Release|Any CPU.ActiveCfg = Release|Any CPU
		{3D016BC8-A82D-4F72-97A3-66728CFC29A0}.Release|Any CPU.Build.0 = Release|Any CPU
		{CEAEEC5F-F712-4D84-81B9-89BB52888988}.AzureBuild|Any CPU.ActiveCfg = AzureBuild|Any CPU
		{CEAEEC5F-F712-4D84-81B9-89BB52888988}.AzureBuild|Any CPU.Build.0 = AzureBuild|Any CPU
		{CEAEEC5F-F712-4D84-81B9-89BB52888988}.Debug|Any CPU.ActiveCfg = Debug|Any CPU
		{CEAEEC5F-F712-4D84-81B9-89BB52888988}.Debug|Any CPU.Build.0 = Debug|Any CPU
		{CEAEEC5F-F712-4D84-81B9-89BB52888988}.Release|Any CPU.ActiveCfg = Release|Any CPU
		{CEAEEC5F-F712-4D84-81B9-89BB52888988}.Release|Any CPU.Build.0 = Release|Any CPU
		{F98440D4-D8FC-44C1-BEB6-F5D0DCBB68C5}.AzureBuild|Any CPU.ActiveCfg = AzureBuild|Any CPU
		{F98440D4-D8FC-44C1-BEB6-F5D0DCBB68C5}.AzureBuild|Any CPU.Build.0 = AzureBuild|Any CPU
		{F98440D4-D8FC-44C1-BEB6-F5D0DCBB68C5}.Debug|Any CPU.ActiveCfg = Debug|Any CPU
		{F98440D4-D8FC-44C1-BEB6-F5D0DCBB68C5}.Debug|Any CPU.Build.0 = Debug|Any CPU
		{F98440D4-D8FC-44C1-BEB6-F5D0DCBB68C5}.Release|Any CPU.ActiveCfg = Release|Any CPU
		{F98440D4-D8FC-44C1-BEB6-F5D0DCBB68C5}.Release|Any CPU.Build.0 = Release|Any CPU
		{14F2742B-65E0-4DCA-B06A-B2E750E14574}.AzureBuild|Any CPU.ActiveCfg = AzureBuild|Any CPU
		{14F2742B-65E0-4DCA-B06A-B2E750E14574}.AzureBuild|Any CPU.Build.0 = AzureBuild|Any CPU
		{14F2742B-65E0-4DCA-B06A-B2E750E14574}.Debug|Any CPU.ActiveCfg = Debug|Any CPU
		{14F2742B-65E0-4DCA-B06A-B2E750E14574}.Debug|Any CPU.Build.0 = Debug|Any CPU
		{14F2742B-65E0-4DCA-B06A-B2E750E14574}.Release|Any CPU.ActiveCfg = Release|Any CPU
		{14F2742B-65E0-4DCA-B06A-B2E750E14574}.Release|Any CPU.Build.0 = Release|Any CPU
		{326A2B29-3FC5-4AD7-95E3-A32E9EF9C6C8}.AzureBuild|Any CPU.ActiveCfg = AzureBuild|Any CPU
		{326A2B29-3FC5-4AD7-95E3-A32E9EF9C6C8}.AzureBuild|Any CPU.Build.0 = AzureBuild|Any CPU
		{326A2B29-3FC5-4AD7-95E3-A32E9EF9C6C8}.Debug|Any CPU.ActiveCfg = Debug|Any CPU
		{326A2B29-3FC5-4AD7-95E3-A32E9EF9C6C8}.Debug|Any CPU.Build.0 = Debug|Any CPU
		{326A2B29-3FC5-4AD7-95E3-A32E9EF9C6C8}.Release|Any CPU.ActiveCfg = Release|Any CPU
		{326A2B29-3FC5-4AD7-95E3-A32E9EF9C6C8}.Release|Any CPU.Build.0 = Release|Any CPU
	EndGlobalSection
	GlobalSection(SolutionProperties) = preSolution
		HideSolutionNode = FALSE
	EndGlobalSection
	GlobalSection(NestedProjects) = preSolution
		{67F02CFB-010F-47F2-8752-2D615CEF135F} = {E83CA78A-76E5-4DAA-9FE6-39FE93A7A1C9}
		{CE621B6E-6929-4420-AA4E-779886836045} = {A23B3B1A-8CEB-43A9-8CC2-E5C60C94F9A4}
		{737D3507-E83D-4620-8B99-7325749AE85D} = {E83CA78A-76E5-4DAA-9FE6-39FE93A7A1C9}
		{CBBC449B-6DE9-44EE-87A5-346D6822C1CD} = {174FB0AD-97CC-4DEA-A826-47B171B63985}
		{3CA3BBB8-99F7-43C5-A292-844FE2C8D627} = {E83CA78A-76E5-4DAA-9FE6-39FE93A7A1C9}
		{09262234-5E6B-4769-97A4-4101090D6B20} = {5F894B31-3946-4C16-8283-CA69D6649B93}
		{57FF56E2-CAF0-4C70-8539-19747BC3C893} = {E83CA78A-76E5-4DAA-9FE6-39FE93A7A1C9}
		{51605A04-4DD9-453B-87D8-49F63EB382B1} = {A23B3B1A-8CEB-43A9-8CC2-E5C60C94F9A4}
		{6C5D65F7-84EF-48A9-93B4-8D6908030C61} = {5C102AD0-4697-47B1-8188-24FA8660E321}
		{3D016BC8-A82D-4F72-97A3-66728CFC29A0} = {E83CA78A-76E5-4DAA-9FE6-39FE93A7A1C9}
		{CEAEEC5F-F712-4D84-81B9-89BB52888988} = {E83CA78A-76E5-4DAA-9FE6-39FE93A7A1C9}
		{AF8F1FEE-A931-45FD-874D-F16724178E7B} = {85155BCA-4E8B-4697-932E-B6B6EC41F2FA}
		{913C958F-352E-49F0-AAB2-F1C47777C156} = {85155BCA-4E8B-4697-932E-B6B6EC41F2FA}
		{F98440D4-D8FC-44C1-BEB6-F5D0DCBB68C5} = {913C958F-352E-49F0-AAB2-F1C47777C156}
		{14F2742B-65E0-4DCA-B06A-B2E750E14574} = {AF8F1FEE-A931-45FD-874D-F16724178E7B}
		{326A2B29-3FC5-4AD7-95E3-A32E9EF9C6C8} = {AF8F1FEE-A931-45FD-874D-F16724178E7B}
	EndGlobalSection
	GlobalSection(ExtensibilityGlobals) = postSolution
		SolutionGuid = {742C7CB3-AF8C-42F7-A6DA-A1E67D1D7498}
	EndGlobalSection
EndGlobal
